
Microsoft Visual Studio Solution File, Format Version 12.00
# Visual Studio Version 17
VisualStudioVersion = 17.4.33205.214
MinimumVisualStudioVersion = 10.0.40219.1
Project("{9A19103F-16F7-4668-BE54-9A1E7A4F7556}") = "DataAccess", "DataAccess\DataAccess.csproj", "{C8AB1978-8449-4591-AB24-0CCE29DC206E}"
EndProject
Project("{9A19103F-16F7-4668-BE54-9A1E7A4F7556}") = "Business", "Business\Business.csproj", "{78AAFCDB-FE2C-4CA7-A07E-86D06C19F67E}"
EndProject
Project("{9A19103F-16F7-4668-BE54-9A1E7A4F7556}") = "Entities", "Entities\Entities.csproj", "{7C3C80EC-51B9-4DEF-92B8-A15993DACCD0}"
EndProject
Project("{9A19103F-16F7-4668-BE54-9A1E7A4F7556}") = "ConsoleUI", "ConsoleUI\ConsoleUI.csproj", "{4BB472F2-DA81-4A1D-AD3A-08554C3FF852}"
EndProject
Project("{9A19103F-16F7-4668-BE54-9A1E7A4F7556}") = "Core", "Core\Core.csproj", "{1EEFDA26-1EE5-4017-8D19-196B3E7A3FD8}"
EndProject
Project("{FAE04EC0-301F-11D3-BF4B-00C04F79EFBC}") = "WebAPI", "WebAPI\WebAPI.csproj", "{5178CF30-2785-422B-B3D5-9AD3016D8C09}"
EndProject
Global
	GlobalSection(SolutionConfigurationPlatforms) = preSolution
		Debug|Any CPU = Debug|Any CPU
		Release|Any CPU = Release|Any CPU
	EndGlobalSection
	GlobalSection(ProjectConfigurationPlatforms) = postSolution
		{C8AB1978-8449-4591-AB24-0CCE29DC206E}.Debug|Any CPU.ActiveCfg = Debug|Any CPU
		{C8AB1978-8449-4591-AB24-0CCE29DC206E}.Debug|Any CPU.Build.0 = Debug|Any CPU
		{C8AB1978-8449-4591-AB24-0CCE29DC206E}.Release|Any CPU.ActiveCfg = Release|Any CPU
		{C8AB1978-8449-4591-AB24-0CCE29DC206E}.Release|Any CPU.Build.0 = Release|Any CPU
		{78AAFCDB-FE2C-4CA7-A07E-86D06C19F67E}.Debug|Any CPU.ActiveCfg = Debug|Any CPU
		{78AAFCDB-FE2C-4CA7-A07E-86D06C19F67E}.Debug|Any CPU.Build.0 = Debug|Any CPU
		{78AAFCDB-FE2C-4CA7-A07E-86D06C19F67E}.Release|Any CPU.ActiveCfg = Release|Any CPU
		{78AAFCDB-FE2C-4CA7-A07E-86D06C19F67E}.Release|Any CPU.Build.0 = Release|Any CPU
		{7C3C80EC-51B9-4DEF-92B8-A15993DACCD0}.Debug|Any CPU.ActiveCfg = Debug|Any CPU
		{7C3C80EC-51B9-4DEF-92B8-A15993DACCD0}.Debug|Any CPU.Build.0 = Debug|Any CPU
		{7C3C80EC-51B9-4DEF-92B8-A15993DACCD0}.Release|Any CPU.ActiveCfg = Release|Any CPU
		{7C3C80EC-51B9-4DEF-92B8-A15993DACCD0}.Release|Any CPU.Build.0 = Release|Any CPU
		{4BB472F2-DA81-4A1D-AD3A-08554C3FF852}.Debug|Any CPU.ActiveCfg = Debug|Any CPU
		{4BB472F2-DA81-4A1D-AD3A-08554C3FF852}.Debug|Any CPU.Build.0 = Debug|Any CPU
		{4BB472F2-DA81-4A1D-AD3A-08554C3FF852}.Release|Any CPU.ActiveCfg = Release|Any CPU
		{4BB472F2-DA81-4A1D-AD3A-08554C3FF852}.Release|Any CPU.Build.0 = Release|Any CPU
		{1EEFDA26-1EE5-4017-8D19-196B3E7A3FD8}.Debug|Any CPU.ActiveCfg = Debug|Any CPU
		{1EEFDA26-1EE5-4017-8D19-196B3E7A3FD8}.Debug|Any CPU.Build.0 = Debug|Any CPU
		{1EEFDA26-1EE5-4017-8D19-196B3E7A3FD8}.Release|Any CPU.ActiveCfg = Release|Any CPU
		{1EEFDA26-1EE5-4017-8D19-196B3E7A3FD8}.Release|Any CPU.Build.0 = Release|Any CPU
		{5178CF30-2785-422B-B3D5-9AD3016D8C09}.Debug|Any CPU.ActiveCfg = Debug|Any CPU
		{5178CF30-2785-422B-B3D5-9AD3016D8C09}.Debug|Any CPU.Build.0 = Debug|Any CPU
		{5178CF30-2785-422B-B3D5-9AD3016D8C09}.Release|Any CPU.ActiveCfg = Release|Any CPU
		{5178CF30-2785-422B-B3D5-9AD3016D8C09}.Release|Any CPU.Build.0 = Release|Any CPU
	EndGlobalSection
	GlobalSection(SolutionProperties) = preSolution
		HideSolutionNode = FALSE
	EndGlobalSection
	GlobalSection(ExtensibilityGlobals) = postSolution
		SolutionGuid = {92579DAB-9369-4D9F-ADE4-BB4A50C311E2}
	EndGlobalSection
EndGlobal
